
Microsoft Visual Studio Solution File, Format Version 12.00
# Visual Studio Version 16
VisualStudioVersion = 16.0.29609.76
MinimumVisualStudioVersion = 10.0.40219.1
Project("{FAE04EC0-301F-11D3-BF4B-00C04F79EFBC}") = "SimpleGameDemo", "SimpleGameDemo.csproj", "{B8B5331C-0239-4FB1-8A87-9349E505F345}"
EndProject
Project("{2150E333-8FDC-42A3-9474-1A3956D46DE8}") = "Solution Items", "Solution Items", "{5F02D6CB-9D5C-41EC-9564-FF01B243CF89}"
	ProjectSection(SolutionItems) = preProject
		..\README.md = ..\README.md
	EndProjectSection
EndProject
Global
	GlobalSection(SolutionConfigurationPlatforms) = preSolution
		Debug|Any CPU = Debug|Any CPU
		Release|Any CPU = Release|Any CPU
	EndGlobalSection
	GlobalSection(ProjectConfigurationPlatforms) = postSolution
		{B8B5331C-0239-4FB1-8A87-9349E505F345}.Debug|Any CPU.ActiveCfg = Debug|Any CPU
		{B8B5331C-0239-4FB1-8A87-9349E505F345}.Debug|Any CPU.Build.0 = Debug|Any CPU
		{B8B5331C-0239-4FB1-8A87-9349E505F345}.Release|Any CPU.ActiveCfg = Release|Any CPU
		{B8B5331C-0239-4FB1-8A87-9349E505F345}.Release|Any CPU.Build.0 = Release|Any CPU
	EndGlobalSection
	GlobalSection(SolutionProperties) = preSolution
		HideSolutionNode = FALSE
	EndGlobalSection
	GlobalSection(ExtensibilityGlobals) = postSolution
		SolutionGuid = {2189D251-E5D3-4F9A-AC2B-0AA6BA8EAF48}
	EndGlobalSection
EndGlobal
